
Microsoft Visual Studio Solution File, Format Version 12.00
# Visual Studio Version 17
VisualStudioVersion = 17.0.31903.59
MinimumVisualStudioVersion = 10.0.40219.1
Project("{8BC9CEB8-8B4A-11D0-8D11-00A0C91BC942}") = "Algebra", "Algebra\Algebra.vcxitems", "{477B7882-6AC6-40E4-A464-EF498CE6C04A}"
EndProject
Project("{8BC9CEB8-8B4A-11D0-8D11-00A0C91BC942}") = "IO", "IO\IO.vcxitems", "{63AD9C30-6049-47F7-8327-B19D6144D92E}"
EndProject
Project("{8BC9CEB8-8B4A-11D0-8D11-00A0C91BC942}") = "Geometry", "Geometry\Geometry.vcxitems", "{60A0E12F-0771-476B-8669-0420645E2EF7}"
EndProject
Project("{8BC9CEB8-8B4A-11D0-8D11-00A0C91BC942}") = "Color", "Color\Color.vcxitems", "{49DD8960-037E-486F-AB78-9E7FC7A5A12E}"
EndProject
Project("{8BC9CEB8-8B4A-11D0-8D11-00A0C91BC942}") = "Graph", "Graph\Graph.vcxitems", "{9D153626-6ABD-4B6F-92D3-1EBDFD406EBC}"
EndProject
Project("{8BC9CEB8-8B4A-11D0-8D11-00A0C91BC942}") = "MachineLearning", "MachineLearning\MachineLearning.vcxitems", "{9CE5E8D0-0A17-41D9-AB21-0FC4D41545AE}"
EndProject
Project("{8BC9CEB8-8B4A-11D0-8D11-00A0C91BC942}") = "UnitTesting", "UnitTesting\UnitTesting.vcxproj", "{0FA96DC2-850E-4E6C-9702-A37284C53343}"
EndProject
Project("{8BC9CEB8-8B4A-11D0-8D11-00A0C91BC942}") = "Testing", "Testing\Testing.vcxitems", "{7F0AD336-2885-4F15-A668-92F7C4BBC514}"
EndProject
Project("{8BC9CEB8-8B4A-11D0-8D11-00A0C91BC942}") = "ComputerGraphics", "ComputerGraphics\ComputerGraphics.vcxitems", "{605FFBDA-28F3-49F3-85BD-B2B065F19FE2}"
EndProject
Project("{8BC9CEB8-8B4A-11D0-8D11-00A0C91BC942}") = "BoundaryDescriptorClassifierApplication", "BoundaryDescriptorClassifierApplication\BoundaryDescriptorClassifierApplication.vcxproj", "{66E6B8AD-CDC9-4474-83D9-DCB726257238}"
EndProject
Global
	GlobalSection(SolutionConfigurationPlatforms) = preSolution
		Debug|Any CPU = Debug|Any CPU
		Debug|ARM = Debug|ARM
		Debug|ARM64 = Debug|ARM64
		Debug|x64 = Debug|x64
		Debug|x86 = Debug|x86
		Release|Any CPU = Release|Any CPU
		Release|ARM = Release|ARM
		Release|ARM64 = Release|ARM64
		Release|x64 = Release|x64
		Release|x86 = Release|x86
	EndGlobalSection
	GlobalSection(ProjectConfigurationPlatforms) = postSolution
		{0FA96DC2-850E-4E6C-9702-A37284C53343}.Debug|Any CPU.ActiveCfg = Debug|x64
		{0FA96DC2-850E-4E6C-9702-A37284C53343}.Debug|Any CPU.Build.0 = Debug|x64
		{0FA96DC2-850E-4E6C-9702-A37284C53343}.Debug|ARM.ActiveCfg = Debug|x64
		{0FA96DC2-850E-4E6C-9702-A37284C53343}.Debug|ARM.Build.0 = Debug|x64
		{0FA96DC2-850E-4E6C-9702-A37284C53343}.Debug|ARM64.ActiveCfg = Debug|x64
		{0FA96DC2-850E-4E6C-9702-A37284C53343}.Debug|ARM64.Build.0 = Debug|x64
		{0FA96DC2-850E-4E6C-9702-A37284C53343}.Debug|x64.ActiveCfg = Debug|x64
		{0FA96DC2-850E-4E6C-9702-A37284C53343}.Debug|x64.Build.0 = Debug|x64
		{0FA96DC2-850E-4E6C-9702-A37284C53343}.Debug|x86.ActiveCfg = Debug|Win32
		{0FA96DC2-850E-4E6C-9702-A37284C53343}.Debug|x86.Build.0 = Debug|Win32
		{0FA96DC2-850E-4E6C-9702-A37284C53343}.Release|Any CPU.ActiveCfg = Release|x64
		{0FA96DC2-850E-4E6C-9702-A37284C53343}.Release|Any CPU.Build.0 = Release|x64
		{0FA96DC2-850E-4E6C-9702-A37284C53343}.Release|ARM.ActiveCfg = Release|x64
		{0FA96DC2-850E-4E6C-9702-A37284C53343}.Release|ARM.Build.0 = Release|x64
		{0FA96DC2-850E-4E6C-9702-A37284C53343}.Release|ARM64.ActiveCfg = Release|x64
		{0FA96DC2-850E-4E6C-9702-A37284C53343}.Release|ARM64.Build.0 = Release|x64
		{0FA96DC2-850E-4E6C-9702-A37284C53343}.Release|x64.ActiveCfg = Release|x64
		{0FA96DC2-850E-4E6C-9702-A37284C53343}.Release|x64.Build.0 = Release|x64
		{0FA96DC2-850E-4E6C-9702-A37284C53343}.Release|x86.ActiveCfg = Release|Win32
		{0FA96DC2-850E-4E6C-9702-A37284C53343}.Release|x86.Build.0 = Release|Win32
		{66E6B8AD-CDC9-4474-83D9-DCB726257238}.Debug|Any CPU.ActiveCfg = Debug|x64
		{66E6B8AD-CDC9-4474-83D9-DCB726257238}.Debug|Any CPU.Build.0 = Debug|x64
		{66E6B8AD-CDC9-4474-83D9-DCB726257238}.Debug|ARM.ActiveCfg = Debug|x64
		{66E6B8AD-CDC9-4474-83D9-DCB726257238}.Debug|ARM.Build.0 = Debug|x64
		{66E6B8AD-CDC9-4474-83D9-DCB726257238}.Debug|ARM64.ActiveCfg = Debug|x64
		{66E6B8AD-CDC9-4474-83D9-DCB726257238}.Debug|ARM64.Build.0 = Debug|x64
		{66E6B8AD-CDC9-4474-83D9-DCB726257238}.Debug|x64.ActiveCfg = Debug|x64
		{66E6B8AD-CDC9-4474-83D9-DCB726257238}.Debug|x64.Build.0 = Debug|x64
		{66E6B8AD-CDC9-4474-83D9-DCB726257238}.Debug|x86.ActiveCfg = Debug|Win32
		{66E6B8AD-CDC9-4474-83D9-DCB726257238}.Debug|x86.Build.0 = Debug|Win32
		{66E6B8AD-CDC9-4474-83D9-DCB726257238}.Release|Any CPU.ActiveCfg = Release|x64
		{66E6B8AD-CDC9-4474-83D9-DCB726257238}.Release|Any CPU.Build.0 = Release|x64
		{66E6B8AD-CDC9-4474-83D9-DCB726257238}.Release|ARM.ActiveCfg = Release|x64
		{66E6B8AD-CDC9-4474-83D9-DCB726257238}.Release|ARM.Build.0 = Release|x64
		{66E6B8AD-CDC9-4474-83D9-DCB726257238}.Release|ARM64.ActiveCfg = Release|x64
		{66E6B8AD-CDC9-4474-83D9-DCB726257238}.Release|ARM64.Build.0 = Release|x64
		{66E6B8AD-CDC9-4474-83D9-DCB726257238}.Release|x64.ActiveCfg = Release|x64
		{66E6B8AD-CDC9-4474-83D9-DCB726257238}.Release|x64.Build.0 = Release|x64
		{66E6B8AD-CDC9-4474-83D9-DCB726257238}.Release|x86.ActiveCfg = Release|Win32
		{66E6B8AD-CDC9-4474-83D9-DCB726257238}.Release|x86.Build.0 = Release|Win32
	EndGlobalSection
	GlobalSection(SolutionProperties) = preSolution
		HideSolutionNode = FALSE
	EndGlobalSection
	GlobalSection(ExtensibilityGlobals) = postSolution
		SolutionGuid = {E2374F7C-2DA2-4493-BA26-EEE178AB727F}
	EndGlobalSection
	GlobalSection(SharedMSBuildProjectFiles) = preSolution
		Algebra\Algebra.vcxitems*{0fa96dc2-850e-4e6c-9702-a37284c53343}*SharedItemsImports = 4
		Color\Color.vcxitems*{0fa96dc2-850e-4e6c-9702-a37284c53343}*SharedItemsImports = 4
		ComputerGraphics\ComputerGraphics.vcxitems*{0fa96dc2-850e-4e6c-9702-a37284c53343}*SharedItemsImports = 4
		Geometry\Geometry.vcxitems*{0fa96dc2-850e-4e6c-9702-a37284c53343}*SharedItemsImports = 4
		Graph\Graph.vcxitems*{0fa96dc2-850e-4e6c-9702-a37284c53343}*SharedItemsImports = 4
		IO\IO.vcxitems*{0fa96dc2-850e-4e6c-9702-a37284c53343}*SharedItemsImports = 4
		Testing\Testing.vcxitems*{0fa96dc2-850e-4e6c-9702-a37284c53343}*SharedItemsImports = 4
		Algebra\Algebra.vcxitems*{477b7882-6ac6-40e4-a464-ef498ce6c04a}*SharedItemsImports = 9
		Color\Color.vcxitems*{49dd8960-037e-486f-ab78-9e7fc7a5a12e}*SharedItemsImports = 9
		ComputerGraphics\ComputerGraphics.vcxitems*{605ffbda-28f3-49f3-85bd-b2b065f19fe2}*SharedItemsImports = 9
		Geometry\Geometry.vcxitems*{60a0e12f-0771-476b-8669-0420645e2ef7}*SharedItemsImports = 9
		IO\IO.vcxitems*{63ad9c30-6049-47f7-8327-b19d6144d92e}*SharedItemsImports = 9
		Algebra\Algebra.vcxitems*{66e6b8ad-cdc9-4474-83d9-dcb726257238}*SharedItemsImports = 4
		ComputerGraphics\ComputerGraphics.vcxitems*{66e6b8ad-cdc9-4474-83d9-dcb726257238}*SharedItemsImports = 4
		Geometry\Geometry.vcxitems*{66e6b8ad-cdc9-4474-83d9-dcb726257238}*SharedItemsImports = 4
		Graph\Graph.vcxitems*{66e6b8ad-cdc9-4474-83d9-dcb726257238}*SharedItemsImports = 4
		IO\IO.vcxitems*{66e6b8ad-cdc9-4474-83d9-dcb726257238}*SharedItemsImports = 4
		MachineLearning\MachineLearning.vcxitems*{66e6b8ad-cdc9-4474-83d9-dcb726257238}*SharedItemsImports = 4
		Testing\Testing.vcxitems*{7f0ad336-2885-4f15-a668-92f7c4bbc514}*SharedItemsImports = 9
		MachineLearning\MachineLearning.vcxitems*{9ce5e8d0-0a17-41d9-ab21-0fc4d41545ae}*SharedItemsImports = 9
		Graph\Graph.vcxitems*{9d153626-6abd-4b6f-92d3-1ebdfd406ebc}*SharedItemsImports = 9
	EndGlobalSection
EndGlobal
